
Microsoft Visual Studio Solution File, Format Version 12.00
# Visual Studio Version 17
VisualStudioVersion = 17.14.36616.10 d17.14
MinimumVisualStudioVersion = 10.0.40219.1
Project("{FAE04EC0-301F-11D3-BF4B-00C04F79EFBC}") = "OnlineShopping", "OnlineShopping\OnlineShopping.csproj", "{232F6106-FFDA-48F9-8488-4A5B7D751E70}"
EndProject
Global
	GlobalSection(SolutionConfigurationPlatforms) = preSolution
		Debug|Any CPU = Debug|Any CPU
		Release|Any CPU = Release|Any CPU
	EndGlobalSection
	GlobalSection(ProjectConfigurationPlatforms) = postSolution
		{232F6106-FFDA-48F9-8488-4A5B7D751E70}.Debug|Any CPU.ActiveCfg = Debug|Any CPU
		{232F6106-FFDA-48F9-8488-4A5B7D751E70}.Debug|Any CPU.Build.0 = Debug|Any CPU
		{232F6106-FFDA-48F9-8488-4A5B7D751E70}.Release|Any CPU.ActiveCfg = Release|Any CPU
		{232F6106-FFDA-48F9-8488-4A5B7D751E70}.Release|Any CPU.Build.0 = Release|Any CPU
	EndGlobalSection
	GlobalSection(SolutionProperties) = preSolution
		HideSolutionNode = FALSE
	EndGlobalSection
	GlobalSection(ExtensibilityGlobals) = postSolution
		SolutionGuid = {5547237C-9DE1-46AD-B503-EB95DCE90588}
	EndGlobalSection
EndGlobal
